// !$*UTF8*$!
{
	archiveVersion = 1;
	classes = {
	};
	objectVersion = 56;
	objects = {

/* Begin PBXBuildFile section */
		1D27F99DE12072BEA1F64CFF /* Pods_Investment.framework in Frameworks */ = {isa = PBXBuildFile; fileRef = B5C0FC9D7584F9B691341407 /* Pods_Investment.framework */; };
		FE07605229B0E1160091EA1F /* PriceManager.swift in Sources */ = {isa = PBXBuildFile; fileRef = FE07605129B0E1160091EA1F /* PriceManager.swift */; };
		FE07605429B0E41A0091EA1F /* PriceData.swift in Sources */ = {isa = PBXBuildFile; fileRef = FE07605329B0E41A0091EA1F /* PriceData.swift */; };
		FE07605629B0E4A70091EA1F /* Price.swift in Sources */ = {isa = PBXBuildFile; fileRef = FE07605529B0E4A70091EA1F /* Price.swift */; };
		FE09547E29A8BEC5005F7CB6 /* Constants.swift in Sources */ = {isa = PBXBuildFile; fileRef = FE09547D29A8BEC5005F7CB6 /* Constants.swift */; };
		FE09548229A8BFB0005F7CB6 /* Company.swift in Sources */ = {isa = PBXBuildFile; fileRef = FE09548129A8BFB0005F7CB6 /* Company.swift */; };
		FE09548429A8C126005F7CB6 /* CompanyCell.swift in Sources */ = {isa = PBXBuildFile; fileRef = FE09548329A8C126005F7CB6 /* CompanyCell.swift */; };
		FE10FD1429A7AA06009932BB /* Montserrat-Bold.ttf in Resources */ = {isa = PBXBuildFile; fileRef = FE10FD1329A7AA06009932BB /* Montserrat-Bold.ttf */; };
		FE440B7C29C1C55900ADFF6A /* collectionVButton.swift in Sources */ = {isa = PBXBuildFile; fileRef = FE440B7B29C1C55900ADFF6A /* collectionVButton.swift */; };
		FE5E07D729C5BBF900D13539 /* Candle.swift in Sources */ = {isa = PBXBuildFile; fileRef = FE5E07D629C5BBF900D13539 /* Candle.swift */; };
		FE5E07D929C5BC1A00D13539 /* CandleData.swift in Sources */ = {isa = PBXBuildFile; fileRef = FE5E07D829C5BC1A00D13539 /* CandleData.swift */; };
		FE5E07DB29C5BCB500D13539 /* CandleManager.swift in Sources */ = {isa = PBXBuildFile; fileRef = FE5E07DA29C5BCB500D13539 /* CandleManager.swift */; };
		FE741140299A2FA1008A68EF /* AppDelegate.swift in Sources */ = {isa = PBXBuildFile; fileRef = FE74113F299A2FA1008A68EF /* AppDelegate.swift */; };
		FE741142299A2FA1008A68EF /* SceneDelegate.swift in Sources */ = {isa = PBXBuildFile; fileRef = FE741141299A2FA1008A68EF /* SceneDelegate.swift */; };
		FE741144299A2FA1008A68EF /* ViewController.swift in Sources */ = {isa = PBXBuildFile; fileRef = FE741143299A2FA1008A68EF /* ViewController.swift */; };
		FE74114A299A2FA1008A68EF /* Investment.xcdatamodeld in Sources */ = {isa = PBXBuildFile; fileRef = FE741148299A2FA1008A68EF /* Investment.xcdatamodeld */; };
		FE74114C299A2FA2008A68EF /* Assets.xcassets in Resources */ = {isa = PBXBuildFile; fileRef = FE74114B299A2FA2008A68EF /* Assets.xcassets */; };
		FE74114F299A2FA2008A68EF /* LaunchScreen.storyboard in Resources */ = {isa = PBXBuildFile; fileRef = FE74114D299A2FA2008A68EF /* LaunchScreen.storyboard */; };
		FE7E334529C2F6CA00E5C2CE /* ChipsCell.swift in Sources */ = {isa = PBXBuildFile; fileRef = FE7E334429C2F6CA00E5C2CE /* ChipsCell.swift */; };
		FE7E334729C2F87A00E5C2CE /* ChipsVButton.swift in Sources */ = {isa = PBXBuildFile; fileRef = FE7E334629C2F87A00E5C2CE /* ChipsVButton.swift */; };
		FE7FB83829A7B113009896F2 /* Montserrat-SemiBold.ttf in Resources */ = {isa = PBXBuildFile; fileRef = FE7FB83729A7B113009896F2 /* Montserrat-SemiBold.ttf */; };
		FE8ADBFF29C1D00400479FB1 /* DetailsCollectionViewCell.swift in Sources */ = {isa = PBXBuildFile; fileRef = FE8ADBFE29C1D00400479FB1 /* DetailsCollectionViewCell.swift */; };
		FEA3E97129B77FD600DE2A0A /* SearchCell.swift in Sources */ = {isa = PBXBuildFile; fileRef = FEA3E97029B77FD600DE2A0A /* SearchCell.swift */; };
		FEA5FC8E29C8217C00FA5CFF /* BalloonMarker.swift in Sources */ = {isa = PBXBuildFile; fileRef = FEA5FC8D29C8217C00FA5CFF /* BalloonMarker.swift */; };
		FEEA7EC129A9FEC60083DF6B /* Secret.swift in Sources */ = {isa = PBXBuildFile; fileRef = FEEA7EC029A9FEC60083DF6B /* Secret.swift */; };
		FEEA7EC329AA04230083DF6B /* CompanyManager.swift in Sources */ = {isa = PBXBuildFile; fileRef = FEEA7EC229AA04230083DF6B /* CompanyManager.swift */; };
		FEEA7EC529AA079C0083DF6B /* CompanyData.swift in Sources */ = {isa = PBXBuildFile; fileRef = FEEA7EC429AA079C0083DF6B /* CompanyData.swift */; };
		FEEA7EC929AB92170083DF6B /* DetailsViewController.swift in Sources */ = {isa = PBXBuildFile; fileRef = FEEA7EC829AB92170083DF6B /* DetailsViewController.swift */; };
/* End PBXBuildFile section */

/* Begin PBXFileReference section */
		93F5EF84F44A9E1DB436582B /* Pods-Investment.release.xcconfig */ = {isa = PBXFileReference; includeInIndex = 1; lastKnownFileType = text.xcconfig; name = "Pods-Investment.release.xcconfig"; path = "Target Support Files/Pods-Investment/Pods-Investment.release.xcconfig"; sourceTree = "<group>"; };
		B5C0FC9D7584F9B691341407 /* Pods_Investment.framework */ = {isa = PBXFileReference; explicitFileType = wrapper.framework; includeInIndex = 0; path = Pods_Investment.framework; sourceTree = BUILT_PRODUCTS_DIR; };
		F261D11273AF7F5F7EBF856C /* Pods-Investment.debug.xcconfig */ = {isa = PBXFileReference; includeInIndex = 1; lastKnownFileType = text.xcconfig; name = "Pods-Investment.debug.xcconfig"; path = "Target Support Files/Pods-Investment/Pods-Investment.debug.xcconfig"; sourceTree = "<group>"; };
		FE07605129B0E1160091EA1F /* PriceManager.swift */ = {isa = PBXFileReference; lastKnownFileType = sourcecode.swift; path = PriceManager.swift; sourceTree = "<group>"; };
		FE07605329B0E41A0091EA1F /* PriceData.swift */ = {isa = PBXFileReference; lastKnownFileType = sourcecode.swift; path = PriceData.swift; sourceTree = "<group>"; };
		FE07605529B0E4A70091EA1F /* Price.swift */ = {isa = PBXFileReference; lastKnownFileType = sourcecode.swift; path = Price.swift; sourceTree = "<group>"; };
		FE09547D29A8BEC5005F7CB6 /* Constants.swift */ = {isa = PBXFileReference; lastKnownFileType = sourcecode.swift; name = Constants.swift; path = ../../../../../Documents/Constants.swift; sourceTree = "<group>"; };
		FE09548129A8BFB0005F7CB6 /* Company.swift */ = {isa = PBXFileReference; lastKnownFileType = sourcecode.swift; path = Company.swift; sourceTree = "<group>"; };
		FE09548329A8C126005F7CB6 /* CompanyCell.swift */ = {isa = PBXFileReference; lastKnownFileType = sourcecode.swift; path = CompanyCell.swift; sourceTree = "<group>"; };
		FE10FD1329A7AA06009932BB /* Montserrat-Bold.ttf */ = {isa = PBXFileReference; lastKnownFileType = file; path = "Montserrat-Bold.ttf"; sourceTree = "<group>"; };
		FE440B7B29C1C55900ADFF6A /* collectionVButton.swift */ = {isa = PBXFileReference; lastKnownFileType = sourcecode.swift; path = collectionVButton.swift; sourceTree = "<group>"; };
		FE5E07D629C5BBF900D13539 /* Candle.swift */ = {isa = PBXFileReference; lastKnownFileType = sourcecode.swift; path = Candle.swift; sourceTree = "<group>"; };
		FE5E07D829C5BC1A00D13539 /* CandleData.swift */ = {isa = PBXFileReference; lastKnownFileType = sourcecode.swift; path = CandleData.swift; sourceTree = "<group>"; };
		FE5E07DA29C5BCB500D13539 /* CandleManager.swift */ = {isa = PBXFileReference; lastKnownFileType = sourcecode.swift; path = CandleManager.swift; sourceTree = "<group>"; };
		FE74113C299A2FA1008A68EF /* Investment.app */ = {isa = PBXFileReference; explicitFileType = wrapper.application; includeInIndex = 0; path = Investment.app; sourceTree = BUILT_PRODUCTS_DIR; };
		FE74113F299A2FA1008A68EF /* AppDelegate.swift */ = {isa = PBXFileReference; lastKnownFileType = sourcecode.swift; path = AppDelegate.swift; sourceTree = "<group>"; };
		FE741141299A2FA1008A68EF /* SceneDelegate.swift */ = {isa = PBXFileReference; lastKnownFileType = sourcecode.swift; path = SceneDelegate.swift; sourceTree = "<group>"; };
		FE741143299A2FA1008A68EF /* ViewController.swift */ = {isa = PBXFileReference; lastKnownFileType = sourcecode.swift; path = ViewController.swift; sourceTree = "<group>"; };
		FE741149299A2FA1008A68EF /* Investment.xcdatamodel */ = {isa = PBXFileReference; lastKnownFileType = wrapper.xcdatamodel; path = Investment.xcdatamodel; sourceTree = "<group>"; };
		FE74114B299A2FA2008A68EF /* Assets.xcassets */ = {isa = PBXFileReference; lastKnownFileType = folder.assetcatalog; path = Assets.xcassets; sourceTree = "<group>"; };
		FE74114E299A2FA2008A68EF /* Base */ = {isa = PBXFileReference; lastKnownFileType = file.storyboard; name = Base; path = Base.lproj/LaunchScreen.storyboard; sourceTree = "<group>"; };
		FE741150299A2FA2008A68EF /* Info.plist */ = {isa = PBXFileReference; lastKnownFileType = text.plist.xml; path = Info.plist; sourceTree = "<group>"; };
		FE7E334429C2F6CA00E5C2CE /* ChipsCell.swift */ = {isa = PBXFileReference; lastKnownFileType = sourcecode.swift; path = ChipsCell.swift; sourceTree = "<group>"; };
		FE7E334629C2F87A00E5C2CE /* ChipsVButton.swift */ = {isa = PBXFileReference; lastKnownFileType = sourcecode.swift; path = ChipsVButton.swift; sourceTree = "<group>"; };
		FE7FB83729A7B113009896F2 /* Montserrat-SemiBold.ttf */ = {isa = PBXFileReference; lastKnownFileType = file; path = "Montserrat-SemiBold.ttf"; sourceTree = "<group>"; };
		FE8ADBFE29C1D00400479FB1 /* DetailsCollectionViewCell.swift */ = {isa = PBXFileReference; lastKnownFileType = sourcecode.swift; path = DetailsCollectionViewCell.swift; sourceTree = "<group>"; };
		FEA3E97029B77FD600DE2A0A /* SearchCell.swift */ = {isa = PBXFileReference; lastKnownFileType = sourcecode.swift; path = SearchCell.swift; sourceTree = "<group>"; };
		FEA5FC8D29C8217C00FA5CFF /* BalloonMarker.swift */ = {isa = PBXFileReference; lastKnownFileType = sourcecode.swift; path = BalloonMarker.swift; sourceTree = "<group>"; };
		FEEA7EC029A9FEC60083DF6B /* Secret.swift */ = {isa = PBXFileReference; lastKnownFileType = sourcecode.swift; path = Secret.swift; sourceTree = "<group>"; };
		FEEA7EC229AA04230083DF6B /* CompanyManager.swift */ = {isa = PBXFileReference; lastKnownFileType = sourcecode.swift; path = CompanyManager.swift; sourceTree = "<group>"; };
		FEEA7EC429AA079C0083DF6B /* CompanyData.swift */ = {isa = PBXFileReference; lastKnownFileType = sourcecode.swift; path = CompanyData.swift; sourceTree = "<group>"; };
		FEEA7EC829AB92170083DF6B /* DetailsViewController.swift */ = {isa = PBXFileReference; lastKnownFileType = sourcecode.swift; path = DetailsViewController.swift; sourceTree = "<group>"; };
/* End PBXFileReference section */

/* Begin PBXFrameworksBuildPhase section */
		FE741139299A2FA1008A68EF /* Frameworks */ = {
			isa = PBXFrameworksBuildPhase;
			buildActionMask = 2147483647;
			files = (
				1D27F99DE12072BEA1F64CFF /* Pods_Investment.framework in Frameworks */,
			);
			runOnlyForDeploymentPostprocessing = 0;
		};
/* End PBXFrameworksBuildPhase section */

/* Begin PBXGroup section */
		99A2D5B5A79EA47F691B8BE4 /* Frameworks */ = {
			isa = PBXGroup;
			children = (
				B5C0FC9D7584F9B691341407 /* Pods_Investment.framework */,
			);
			name = Frameworks;
			sourceTree = "<group>";
		};
		F02B999ABAF7D5C9A1FAD2C4 /* Pods */ = {
			isa = PBXGroup;
			children = (
				F261D11273AF7F5F7EBF856C /* Pods-Investment.debug.xcconfig */,
				93F5EF84F44A9E1DB436582B /* Pods-Investment.release.xcconfig */,
			);
			path = Pods;
			sourceTree = "<group>";
		};
		FE3A3AE4299A388F00DD812A /* fonts */ = {
			isa = PBXGroup;
			children = (
				FE10FD1329A7AA06009932BB /* Montserrat-Bold.ttf */,
				FE7FB83729A7B113009896F2 /* Montserrat-SemiBold.ttf */,
			);
			path = fonts;
			sourceTree = "<group>";
		};
		FE3A3AE5299A389A00DD812A /* Views */ = {
			isa = PBXGroup;
			children = (
				FE09548329A8C126005F7CB6 /* CompanyCell.swift */,
				FEA3E97029B77FD600DE2A0A /* SearchCell.swift */,
				FE8ADBFE29C1D00400479FB1 /* DetailsCollectionViewCell.swift */,
				FE7E334429C2F6CA00E5C2CE /* ChipsCell.swift */,
				FEA5FC8D29C8217C00FA5CFF /* BalloonMarker.swift */,
			);
			path = Views;
			sourceTree = "<group>";
		};
		FE3A3AE6299A38A500DD812A /* Controllers */ = {
			isa = PBXGroup;
			children = (
				FE741143299A2FA1008A68EF /* ViewController.swift */,
				FEEA7EC829AB92170083DF6B /* DetailsViewController.swift */,
			);
			path = Controllers;
			sourceTree = "<group>";
		};
		FE3A3AE7299A38AD00DD812A /* Models */ = {
			isa = PBXGroup;
			children = (
				FE741148299A2FA1008A68EF /* Investment.xcdatamodeld */,
				FE09548129A8BFB0005F7CB6 /* Company.swift */,
				FEEA7EC429AA079C0083DF6B /* CompanyData.swift */,
				FEEA7EC229AA04230083DF6B /* CompanyManager.swift */,
				FE07605529B0E4A70091EA1F /* Price.swift */,
				FE07605329B0E41A0091EA1F /* PriceData.swift */,
				FE07605129B0E1160091EA1F /* PriceManager.swift */,
				FE5E07D629C5BBF900D13539 /* Candle.swift */,
				FE5E07D829C5BC1A00D13539 /* CandleData.swift */,
				FE5E07DA29C5BCB500D13539 /* CandleManager.swift */,
				FE440B7B29C1C55900ADFF6A /* collectionVButton.swift */,
				FE7E334629C2F87A00E5C2CE /* ChipsVButton.swift */,
			);
			path = Models;
			sourceTree = "<group>";
		};
		FE741133299A2FA1008A68EF = {
			isa = PBXGroup;
			children = (
				FE74113E299A2FA1008A68EF /* Investment */,
				FE74113D299A2FA1008A68EF /* Products */,
				F02B999ABAF7D5C9A1FAD2C4 /* Pods */,
				99A2D5B5A79EA47F691B8BE4 /* Frameworks */,
			);
			sourceTree = "<group>";
		};
		FE74113D299A2FA1008A68EF /* Products */ = {
			isa = PBXGroup;
			children = (
				FE74113C299A2FA1008A68EF /* Investment.app */,
			);
			name = Products;
			sourceTree = "<group>";
		};
		FE74113E299A2FA1008A68EF /* Investment */ = {
			isa = PBXGroup;
			children = (
				FE741150299A2FA2008A68EF /* Info.plist */,
				FE74113F299A2FA1008A68EF /* AppDelegate.swift */,
				FE741141299A2FA1008A68EF /* SceneDelegate.swift */,
				FEEA7EC029A9FEC60083DF6B /* Secret.swift */,
				FE09547D29A8BEC5005F7CB6 /* Constants.swift */,
				FE3A3AE7299A38AD00DD812A /* Models */,
				FE3A3AE5299A389A00DD812A /* Views */,
				FE3A3AE6299A38A500DD812A /* Controllers */,
				FE3A3AE4299A388F00DD812A /* fonts */,
				FEEA7ECA29B077410083DF6B /* Supporting Files */,
			);
			path = Investment;
			sourceTree = "<group>";
		};
		FEEA7ECA29B077410083DF6B /* Supporting Files */ = {
			isa = PBXGroup;
			children = (
				FE74114B299A2FA2008A68EF /* Assets.xcassets */,
				FE74114D299A2FA2008A68EF /* LaunchScreen.storyboard */,
			);
			path = "Supporting Files";
			sourceTree = "<group>";
		};
/* End PBXGroup section */

/* Begin PBXNativeTarget section */
		FE74113B299A2FA1008A68EF /* Investment */ = {
			isa = PBXNativeTarget;
			buildConfigurationList = FE741153299A2FA2008A68EF /* Build configuration list for PBXNativeTarget "Investment" */;
			buildPhases = (
				2C74BA6207D1A1D65D016D7B /* [CP] Check Pods Manifest.lock */,
				FE741138299A2FA1008A68EF /* Sources */,
				FE741139299A2FA1008A68EF /* Frameworks */,
				FE74113A299A2FA1008A68EF /* Resources */,
				2CB22076E36333E5564FD94C /* [CP] Embed Pods Frameworks */,
			);
			buildRules = (
			);
			dependencies = (
			);
			name = Investment;
			productName = Investment;
			productReference = FE74113C299A2FA1008A68EF /* Investment.app */;
			productType = "com.apple.product-type.application";
		};
/* End PBXNativeTarget section */

/* Begin PBXProject section */
		FE741134299A2FA1008A68EF /* Project object */ = {
			isa = PBXProject;
			attributes = {
				BuildIndependentTargetsInParallel = 1;
				LastSwiftUpdateCheck = 1420;
				LastUpgradeCheck = 1420;
				TargetAttributes = {
					FE74113B299A2FA1008A68EF = {
						CreatedOnToolsVersion = 14.2;
					};
				};
			};
			buildConfigurationList = FE741137299A2FA1008A68EF /* Build configuration list for PBXProject "Investment" */;
			compatibilityVersion = "Xcode 14.0";
			developmentRegion = en;
			hasScannedForEncodings = 0;
			knownRegions = (
				en,
				Base,
			);
			mainGroup = FE741133299A2FA1008A68EF;
			productRefGroup = FE74113D299A2FA1008A68EF /* Products */;
			projectDirPath = "";
			projectRoot = "";
			targets = (
				FE74113B299A2FA1008A68EF /* Investment */,
			);
		};
/* End PBXProject section */

/* Begin PBXResourcesBuildPhase section */
		FE74113A299A2FA1008A68EF /* Resources */ = {
			isa = PBXResourcesBuildPhase;
			buildActionMask = 2147483647;
			files = (
				FE7FB83829A7B113009896F2 /* Montserrat-SemiBold.ttf in Resources */,
				FE10FD1429A7AA06009932BB /* Montserrat-Bold.ttf in Resources */,
				FE74114F299A2FA2008A68EF /* LaunchScreen.storyboard in Resources */,
				FE74114C299A2FA2008A68EF /* Assets.xcassets in Resources */,
			);
			runOnlyForDeploymentPostprocessing = 0;
		};
/* End PBXResourcesBuildPhase section */

/* Begin PBXShellScriptBuildPhase section */
		2C74BA6207D1A1D65D016D7B /* [CP] Check Pods Manifest.lock */ = {
			isa = PBXShellScriptBuildPhase;
			buildActionMask = 2147483647;
			files = (
			);
			inputFileListPaths = (
			);
			inputPaths = (
				"${PODS_PODFILE_DIR_PATH}/Podfile.lock",
				"${PODS_ROOT}/Manifest.lock",
			);
			name = "[CP] Check Pods Manifest.lock";
			outputFileListPaths = (
			);
			outputPaths = (
				"$(DERIVED_FILE_DIR)/Pods-Investment-checkManifestLockResult.txt",
			);
			runOnlyForDeploymentPostprocessing = 0;
			shellPath = /bin/sh;
			shellScript = "diff \"${PODS_PODFILE_DIR_PATH}/Podfile.lock\" \"${PODS_ROOT}/Manifest.lock\" > /dev/null\nif [ $? != 0 ] ; then\n    # print error to STDERR\n    echo \"error: The sandbox is not in sync with the Podfile.lock. Run 'pod install' or update your CocoaPods installation.\" >&2\n    exit 1\nfi\n# This output is used by Xcode 'outputs' to avoid re-running this script phase.\necho \"SUCCESS\" > \"${SCRIPT_OUTPUT_FILE_0}\"\n";
			showEnvVarsInLog = 0;
		};
		2CB22076E36333E5564FD94C /* [CP] Embed Pods Frameworks */ = {
			isa = PBXShellScriptBuildPhase;
			buildActionMask = 2147483647;
			files = (
			);
			inputFileListPaths = (
				"${PODS_ROOT}/Target Support Files/Pods-Investment/Pods-Investment-frameworks-${CONFIGURATION}-input-files.xcfilelist",
			);
			name = "[CP] Embed Pods Frameworks";
			outputFileListPaths = (
				"${PODS_ROOT}/Target Support Files/Pods-Investment/Pods-Investment-frameworks-${CONFIGURATION}-output-files.xcfilelist",
			);
			runOnlyForDeploymentPostprocessing = 0;
			shellPath = /bin/sh;
			shellScript = "\"${PODS_ROOT}/Target Support Files/Pods-Investment/Pods-Investment-frameworks.sh\"\n";
			showEnvVarsInLog = 0;
		};
/* End PBXShellScriptBuildPhase section */

/* Begin PBXSourcesBuildPhase section */
		FE741138299A2FA1008A68EF /* Sources */ = {
			isa = PBXSourcesBuildPhase;
			buildActionMask = 2147483647;
			files = (
				FE7E334729C2F87A00E5C2CE /* ChipsVButton.swift in Sources */,
				FE440B7C29C1C55900ADFF6A /* collectionVButton.swift in Sources */,
				FE5E07DB29C5BCB500D13539 /* CandleManager.swift in Sources */,
				FEEA7EC329AA04230083DF6B /* CompanyManager.swift in Sources */,
				FEA3E97129B77FD600DE2A0A /* SearchCell.swift in Sources */,
				FE07605629B0E4A70091EA1F /* Price.swift in Sources */,
				FE09547E29A8BEC5005F7CB6 /* Constants.swift in Sources */,
				FE74114A299A2FA1008A68EF /* Investment.xcdatamodeld in Sources */,
				FE5E07D929C5BC1A00D13539 /* CandleData.swift in Sources */,
				FE07605229B0E1160091EA1F /* PriceManager.swift in Sources */,
				FEEA7EC929AB92170083DF6B /* DetailsViewController.swift in Sources */,
				FE07605429B0E41A0091EA1F /* PriceData.swift in Sources */,
				FE741144299A2FA1008A68EF /* ViewController.swift in Sources */,
				FE09548429A8C126005F7CB6 /* CompanyCell.swift in Sources */,
				FE741140299A2FA1008A68EF /* AppDelegate.swift in Sources */,
				FEA5FC8E29C8217C00FA5CFF /* BalloonMarker.swift in Sources */,
				FE8ADBFF29C1D00400479FB1 /* DetailsCollectionViewCell.swift in Sources */,
				FE5E07D729C5BBF900D13539 /* Candle.swift in Sources */,
				FE7E334529C2F6CA00E5C2CE /* ChipsCell.swift in Sources */,
				FEEA7EC129A9FEC60083DF6B /* Secret.swift in Sources */,
				FE741142299A2FA1008A68EF /* SceneDelegate.swift in Sources */,
				FE09548229A8BFB0005F7CB6 /* Company.swift in Sources */,
				FEEA7EC529AA079C0083DF6B /* CompanyData.swift in Sources */,
			);
			runOnlyForDeploymentPostprocessing = 0;
		};
/* End PBXSourcesBuildPhase section */

/* Begin PBXVariantGroup section */
		FE74114D299A2FA2008A68EF /* LaunchScreen.storyboard */ = {
			isa = PBXVariantGroup;
			children = (
				FE74114E299A2FA2008A68EF /* Base */,
			);
			name = LaunchScreen.storyboard;
			sourceTree = "<group>";
		};
/* End PBXVariantGroup section */

/* Begin XCBuildConfiguration section */
		FE741151299A2FA2008A68EF /* Debug */ = {
			isa = XCBuildConfiguration;
			buildSettings = {
				ALWAYS_SEARCH_USER_PATHS = NO;
				CLANG_ANALYZER_NONNULL = YES;
				CLANG_ANALYZER_NUMBER_OBJECT_CONVERSION = YES_AGGRESSIVE;
				CLANG_CXX_LANGUAGE_STANDARD = "gnu++20";
				CLANG_ENABLE_MODULES = YES;
				CLANG_ENABLE_OBJC_ARC = YES;
				CLANG_ENABLE_OBJC_WEAK = YES;
				CLANG_WARN_BLOCK_CAPTURE_AUTORELEASING = YES;
				CLANG_WARN_BOOL_CONVERSION = YES;
				CLANG_WARN_COMMA = YES;
				CLANG_WARN_CONSTANT_CONVERSION = YES;
				CLANG_WARN_DEPRECATED_OBJC_IMPLEMENTATIONS = YES;
				CLANG_WARN_DIRECT_OBJC_ISA_USAGE = YES_ERROR;
				CLANG_WARN_DOCUMENTATION_COMMENTS = YES;
				CLANG_WARN_EMPTY_BODY = YES;
				CLANG_WARN_ENUM_CONVERSION = YES;
				CLANG_WARN_INFINITE_RECURSION = YES;
				CLANG_WARN_INT_CONVERSION = YES;
				CLANG_WARN_NON_LITERAL_NULL_CONVERSION = YES;
				CLANG_WARN_OBJC_IMPLICIT_RETAIN_SELF = YES;
				CLANG_WARN_OBJC_LITERAL_CONVERSION = YES;
				CLANG_WARN_OBJC_ROOT_CLASS = YES_ERROR;
				CLANG_WARN_QUOTED_INCLUDE_IN_FRAMEWORK_HEADER = YES;
				CLANG_WARN_RANGE_LOOP_ANALYSIS = YES;
				CLANG_WARN_STRICT_PROTOTYPES = YES;
				CLANG_WARN_SUSPICIOUS_MOVE = YES;
				CLANG_WARN_UNGUARDED_AVAILABILITY = YES_AGGRESSIVE;
				CLANG_WARN_UNREACHABLE_CODE = YES;
				CLANG_WARN__DUPLICATE_METHOD_MATCH = YES;
				COPY_PHASE_STRIP = NO;
				DEBUG_INFORMATION_FORMAT = dwarf;
				ENABLE_STRICT_OBJC_MSGSEND = YES;
				ENABLE_TESTABILITY = YES;
				GCC_C_LANGUAGE_STANDARD = gnu11;
				GCC_DYNAMIC_NO_PIC = NO;
				GCC_NO_COMMON_BLOCKS = YES;
				GCC_OPTIMIZATION_LEVEL = 0;
				GCC_PREPROCESSOR_DEFINITIONS = (
					"DEBUG=1",
					"$(inherited)",
				);
				GCC_WARN_64_TO_32_BIT_CONVERSION = YES;
				GCC_WARN_ABOUT_RETURN_TYPE = YES_ERROR;
				GCC_WARN_UNDECLARED_SELECTOR = YES;
				GCC_WARN_UNINITIALIZED_AUTOS = YES_AGGRESSIVE;
				GCC_WARN_UNUSED_FUNCTION = YES;
				GCC_WARN_UNUSED_VARIABLE = YES;
				IPHONEOS_DEPLOYMENT_TARGET = 16.2;
				MTL_ENABLE_DEBUG_INFO = INCLUDE_SOURCE;
				MTL_FAST_MATH = YES;
				ONLY_ACTIVE_ARCH = YES;
				SDKROOT = iphoneos;
				SWIFT_ACTIVE_COMPILATION_CONDITIONS = DEBUG;
				SWIFT_OPTIMIZATION_LEVEL = "-Onone";
			};
			name = Debug;
		};
		FE741152299A2FA2008A68EF /* Release */ = {
			isa = XCBuildConfiguration;
			buildSettings = {
				ALWAYS_SEARCH_USER_PATHS = NO;
				CLANG_ANALYZER_NONNULL = YES;
				CLANG_ANALYZER_NUMBER_OBJECT_CONVERSION = YES_AGGRESSIVE;
				CLANG_CXX_LANGUAGE_STANDARD = "gnu++20";
				CLANG_ENABLE_MODULES = YES;
				CLANG_ENABLE_OBJC_ARC = YES;
				CLANG_ENABLE_OBJC_WEAK = YES;
				CLANG_WARN_BLOCK_CAPTURE_AUTORELEASING = YES;
				CLANG_WARN_BOOL_CONVERSION = YES;
				CLANG_WARN_COMMA = YES;
				CLANG_WARN_CONSTANT_CONVERSION = YES;
				CLANG_WARN_DEPRECATED_OBJC_IMPLEMENTATIONS = YES;
				CLANG_WARN_DIRECT_OBJC_ISA_USAGE = YES_ERROR;
				CLANG_WARN_DOCUMENTATION_COMMENTS = YES;
				CLANG_WARN_EMPTY_BODY = YES;
				CLANG_WARN_ENUM_CONVERSION = YES;
				CLANG_WARN_INFINITE_RECURSION = YES;
				CLANG_WARN_INT_CONVERSION = YES;
				CLANG_WARN_NON_LITERAL_NULL_CONVERSION = YES;
				CLANG_WARN_OBJC_IMPLICIT_RETAIN_SELF = YES;
				CLANG_WARN_OBJC_LITERAL_CONVERSION = YES;
				CLANG_WARN_OBJC_ROOT_CLASS = YES_ERROR;
				CLANG_WARN_QUOTED_INCLUDE_IN_FRAMEWORK_HEADER = YES;
				CLANG_WARN_RANGE_LOOP_ANALYSIS = YES;
				CLANG_WARN_STRICT_PROTOTYPES = YES;
				CLANG_WARN_SUSPICIOUS_MOVE = YES;
				CLANG_WARN_UNGUARDED_AVAILABILITY = YES_AGGRESSIVE;
				CLANG_WARN_UNREACHABLE_CODE = YES;
				CLANG_WARN__DUPLICATE_METHOD_MATCH = YES;
				COPY_PHASE_STRIP = NO;
				DEBUG_INFORMATION_FORMAT = "dwarf-with-dsym";
				ENABLE_NS_ASSERTIONS = NO;
				ENABLE_STRICT_OBJC_MSGSEND = YES;
				GCC_C_LANGUAGE_STANDARD = gnu11;
				GCC_NO_COMMON_BLOCKS = YES;
				GCC_WARN_64_TO_32_BIT_CONVERSION = YES;
				GCC_WARN_ABOUT_RETURN_TYPE = YES_ERROR;
				GCC_WARN_UNDECLARED_SELECTOR = YES;
				GCC_WARN_UNINITIALIZED_AUTOS = YES_AGGRESSIVE;
				GCC_WARN_UNUSED_FUNCTION = YES;
				GCC_WARN_UNUSED_VARIABLE = YES;
				IPHONEOS_DEPLOYMENT_TARGET = 16.2;
				MTL_ENABLE_DEBUG_INFO = NO;
				MTL_FAST_MATH = YES;
				SDKROOT = iphoneos;
				SWIFT_COMPILATION_MODE = wholemodule;
				SWIFT_OPTIMIZATION_LEVEL = "-O";
				VALIDATE_PRODUCT = YES;
			};
			name = Release;
		};
		FE741154299A2FA2008A68EF /* Debug */ = {
			isa = XCBuildConfiguration;
			baseConfigurationReference = F261D11273AF7F5F7EBF856C /* Pods-Investment.debug.xcconfig */;
			buildSettings = {
				ASSETCATALOG_COMPILER_APPICON_NAME = AppIcon;
				ASSETCATALOG_COMPILER_GLOBAL_ACCENT_COLOR_NAME = AccentColor;
				CODE_SIGN_STYLE = Automatic;
				CURRENT_PROJECT_VERSION = 1;
				DEVELOPMENT_TEAM = 3A2U2X4K87;
				GENERATE_INFOPLIST_FILE = YES;
				INFOPLIST_FILE = Investment/Info.plist;
				INFOPLIST_KEY_UIApplicationSupportsIndirectInputEvents = YES;
				INFOPLIST_KEY_UILaunchStoryboardName = LaunchScreen;
				INFOPLIST_KEY_UISupportedInterfaceOrientations = UIInterfaceOrientationPortrait;
				INFOPLIST_KEY_UISupportedInterfaceOrientations_iPad = "UIInterfaceOrientationLandscapeLeft UIInterfaceOrientationLandscapeRight UIInterfaceOrientationPortrait UIInterfaceOrientationPortraitUpsideDown";
				IPHONEOS_DEPLOYMENT_TARGET = 13.0;
				LD_RUNPATH_SEARCH_PATHS = (
					"$(inherited)",
					"@executable_path/Frameworks",
				);
				MARKETING_VERSION = 1.0;
				PRODUCT_BUNDLE_IDENTIFIER = com.Yedige.Investment;
				PRODUCT_NAME = "$(TARGET_NAME)";
				SWIFT_EMIT_LOC_STRINGS = YES;
				SWIFT_VERSION = 5.0;
				TARGETED_DEVICE_FAMILY = "1,2";
			};
			name = Debug;
		};
		FE741155299A2FA2008A68EF /* Release */ = {
			isa = XCBuildConfiguration;
			baseConfigurationReference = 93F5EF84F44A9E1DB436582B /* Pods-Investment.release.xcconfig */;
			buildSettings = {
				ASSETCATALOG_COMPILER_APPICON_NAME = AppIcon;
				ASSETCATALOG_COMPILER_GLOBAL_ACCENT_COLOR_NAME = AccentColor;
				CODE_SIGN_STYLE = Automatic;
				CURRENT_PROJECT_VERSION = 1;
				DEVELOPMENT_TEAM = 3A2U2X4K87;
				GENERATE_INFOPLIST_FILE = YES;
				INFOPLIST_FILE = Investment/Info.plist;
				INFOPLIST_KEY_UIApplicationSupportsIndirectInputEvents = YES;
				INFOPLIST_KEY_UILaunchStoryboardName = LaunchScreen;
				INFOPLIST_KEY_UISupportedInterfaceOrientations = UIInterfaceOrientationPortrait;
				INFOPLIST_KEY_UISupportedInterfaceOrientations_iPad = "UIInterfaceOrientationLandscapeLeft UIInterfaceOrientationLandscapeRight UIInterfaceOrientationPortrait UIInterfaceOrientationPortraitUpsideDown";
				IPHONEOS_DEPLOYMENT_TARGET = 13.0;
				LD_RUNPATH_SEARCH_PATHS = (
					"$(inherited)",
					"@executable_path/Frameworks",
				);
				MARKETING_VERSION = 1.0;
				PRODUCT_BUNDLE_IDENTIFIER = com.Yedige.Investment;
				PRODUCT_NAME = "$(TARGET_NAME)";
				SWIFT_EMIT_LOC_STRINGS = YES;
				SWIFT_VERSION = 5.0;
				TARGETED_DEVICE_FAMILY = "1,2";
			};
			name = Release;
		};
/* End XCBuildConfiguration section */

/* Begin XCConfigurationList section */
		FE741137299A2FA1008A68EF /* Build configuration list for PBXProject "Investment" */ = {
			isa = XCConfigurationList;
			buildConfigurations = (
				FE741151299A2FA2008A68EF /* Debug */,
				FE741152299A2FA2008A68EF /* Release */,
			);
			defaultConfigurationIsVisible = 0;
			defaultConfigurationName = Release;
		};
		FE741153299A2FA2008A68EF /* Build configuration list for PBXNativeTarget "Investment" */ = {
			isa = XCConfigurationList;
			buildConfigurations = (
				FE741154299A2FA2008A68EF /* Debug */,
				FE741155299A2FA2008A68EF /* Release */,
			);
			defaultConfigurationIsVisible = 0;
			defaultConfigurationName = Release;
		};
/* End XCConfigurationList section */

/* Begin XCVersionGroup section */
		FE741148299A2FA1008A68EF /* Investment.xcdatamodeld */ = {
			isa = XCVersionGroup;
			children = (
				FE741149299A2FA1008A68EF /* Investment.xcdatamodel */,
			);
			currentVersion = FE741149299A2FA1008A68EF /* Investment.xcdatamodel */;
			path = Investment.xcdatamodeld;
			sourceTree = "<group>";
			versionGroupType = wrapper.xcdatamodel;
		};
/* End XCVersionGroup section */
	};
	rootObject = FE741134299A2FA1008A68EF /* Project object */;
}
